{
  "pins" : [
    {
      "identity" : "cleanjson",
      "kind" : "remoteSourceControl",
      "location" : "https://github.com/Pircate/CleanJSON",
      "state" : {
        "revision" : "6e2f211578880c9181dbd29b3b96ca507e40e307",
        "version" : "1.0.9"
      }
    },
    {
      "identity" : "snapkit",
      "kind" : "remoteSourceControl",
      "location" : "https://github.com/SnapKit/SnapKit.git",
      "state" : {
        "revision" : "f222cbdf325885926566172f6f5f06af95473158",
        "version" : "5.6.0"
      }
    },
    {
      "identity" : "swiftshell",
      "kind" : "remoteSourceControl",
      "location" : "https://github.com/kareman/SwiftShell",
      "state" : {
        "revision" : "99680b2efc7c7dbcace1da0b3979d266f02e213c",
        "version" : "5.1.0"
      }
    },
    {
      "identity" : "ziparchive",
      "kind" : "remoteSourceControl",
      "location" : "https://github.com/ZipArchive/ZipArchive.git",
      "state" : {
        "revision" : "b56f8c605a233fb25fe8d49f1b9ed50912c2d1b7",
        "version" : "2.5.4"
      }
    }
  ],
  "version" : 2
}
